
Microsoft Visual Studio Solution File, Format Version 12.00
# Visual Studio Version 17
VisualStudioVersion = 17.7.34221.43
MinimumVisualStudioVersion = 10.0.40219.1
Project("{FAE04EC0-301F-11D3-BF4B-00C04F79EFBC}") = "AzureOpenAIDemo", "AzureOpenAIDemo.csproj", "{9DE7EE0D-5160-4D3A-8DB6-6D0F00AE4173}"
EndProject
Global
	GlobalSection(SolutionConfigurationPlatforms) = preSolution
		Debug|Any CPU = Debug|Any CPU
		Release|Any CPU = Release|Any CPU
	EndGlobalSection
	GlobalSection(ProjectConfigurationPlatforms) = postSolution
		{9DE7EE0D-5160-4D3A-8DB6-6D0F00AE4173}.Debug|Any CPU.ActiveCfg = Debug|Any CPU
		{9DE7EE0D-5160-4D3A-8DB6-6D0F00AE4173}.Debug|Any CPU.Build.0 = Debug|Any CPU
		{9DE7EE0D-5160-4D3A-8DB6-6D0F00AE4173}.Release|Any CPU.ActiveCfg = Release|Any CPU
		{9DE7EE0D-5160-4D3A-8DB6-6D0F00AE4173}.Release|Any CPU.Build.0 = Release|Any CPU
	EndGlobalSection
	GlobalSection(SolutionProperties) = preSolution
		HideSolutionNode = FALSE
	EndGlobalSection
	GlobalSection(ExtensibilityGlobals) = postSolution
		SolutionGuid = {84E5951F-0A8B-4F28-896C-59FE4CF2CA0F}
	EndGlobalSection
EndGlobal
